
Microsoft Visual Studio Solution File, Format Version 12.00
# Visual Studio Version 16
VisualStudioVersion = 16.0.29409.12
MinimumVisualStudioVersion = 10.0.40219.1
Project("{9A19103F-16F7-4668-BE54-9A1E7A4F7556}") = "ZooSim", "ZooSim\ZooSim.csproj", "{54EDEC1F-457A-4E82-B11E-32AAEBA46E9C}"
EndProject
Project("{9A19103F-16F7-4668-BE54-9A1E7A4F7556}") = "ZooConsole", "ZooConsole\ZooConsole.csproj", "{BEA7126E-DCF4-484D-9C66-3F337F80A709}"
EndProject
Project("{9A19103F-16F7-4668-BE54-9A1E7A4F7556}") = "ConsoleSimulationEngine2000", "ConsoleSimulationEngine2000\ConsoleSimulationEngine2000.csproj", "{E4E9B154-B948-4DBC-8A91-01899EF3DF9D}"
EndProject
Global
	GlobalSection(SolutionConfigurationPlatforms) = preSolution
		Debug|Any CPU = Debug|Any CPU
		Release|Any CPU = Release|Any CPU
	EndGlobalSection
	GlobalSection(ProjectConfigurationPlatforms) = postSolution
		{54EDEC1F-457A-4E82-B11E-32AAEBA46E9C}.Debug|Any CPU.ActiveCfg = Debug|Any CPU
		{54EDEC1F-457A-4E82-B11E-32AAEBA46E9C}.Debug|Any CPU.Build.0 = Debug|Any CPU
		{54EDEC1F-457A-4E82-B11E-32AAEBA46E9C}.Release|Any CPU.ActiveCfg = Release|Any CPU
		{54EDEC1F-457A-4E82-B11E-32AAEBA46E9C}.Release|Any CPU.Build.0 = Release|Any CPU
		{BEA7126E-DCF4-484D-9C66-3F337F80A709}.Debug|Any CPU.ActiveCfg = Debug|Any CPU
		{BEA7126E-DCF4-484D-9C66-3F337F80A709}.Debug|Any CPU.Build.0 = Debug|Any CPU
		{BEA7126E-DCF4-484D-9C66-3F337F80A709}.Release|Any CPU.ActiveCfg = Release|Any CPU
		{BEA7126E-DCF4-484D-9C66-3F337F80A709}.Release|Any CPU.Build.0 = Release|Any CPU
		{E4E9B154-B948-4DBC-8A91-01899EF3DF9D}.Debug|Any CPU.ActiveCfg = Debug|Any CPU
		{E4E9B154-B948-4DBC-8A91-01899EF3DF9D}.Debug|Any CPU.Build.0 = Debug|Any CPU
		{E4E9B154-B948-4DBC-8A91-01899EF3DF9D}.Release|Any CPU.ActiveCfg = Release|Any CPU
		{E4E9B154-B948-4DBC-8A91-01899EF3DF9D}.Release|Any CPU.Build.0 = Release|Any CPU
	EndGlobalSection
	GlobalSection(SolutionProperties) = preSolution
		HideSolutionNode = FALSE
	EndGlobalSection
	GlobalSection(ExtensibilityGlobals) = postSolution
		SolutionGuid = {6ED35590-D354-44AF-891C-45E6B06DA820}
	EndGlobalSection
EndGlobal
